PODS:
  - Capacitor (8.4.1):
    - CapacitorCordova
  - CapacitorCordova (8.4.1)
  - CapacitorSplashScreen (8.0.2):
    - Capacitor

DEPENDENCIES:
  - "Capacitor (from `../../node_modules/@capacitor/ios`)"
  - "CapacitorCordova (from `../../node_modules/@capacitor/ios`)"
  - "CapacitorSplashScreen (from `../../node_modules/@capacitor/splash-screen`)"

EXTERNAL SOURCES:
  Capacitor:
    :path: "../../node_modules/@capacitor/ios"
  CapacitorCordova:
    :path: "../../node_modules/@capacitor/ios"
  CapacitorSplashScreen:
    :path: "../../node_modules/@capacitor/splash-screen"

SPEC CHECKSUMS:
  Capacitor: 35242afe195b1e53c58ca1b827d1b444c5e6602b
  CapacitorCordova: eebe6bcf807b1b06f3f48237650f96bbcd0eef09
  CapacitorSplashScreen: 7bf61c2001557ff9e195e601c6b87344480d3c65

PODFILE CHECKSUM: fd988989a0a034e45f195144a9f5c993d0994743

COCOAPODS: 1.16.2
